
Microsoft Visual Studio Solution File, Format Version 11.00
# Visual Studio 2010
Project("{FAE04EC0-301F-11D3-BF4B-00C04F79EFBC}") = "Assembly-CSharp", "Assembly-CSharp.csproj", "{262EB736-AB0B-8845-95B0-81E2B6C5AB6F}"
EndProject
Project("{FAE04EC0-301F-11D3-BF4B-00C04F79EFBC}") = "CFXRDemo", "CFXRDemo.csproj", "{215B0279-80C4-DEFC-4D8A-061466EC891F}"
EndProject
Project("{FAE04EC0-301F-11D3-BF4B-00C04F79EFBC}") = "KinoBloom.Runtime", "KinoBloom.Runtime.csproj", "{23F34246-743F-5273-8C61-DA66FB312DB6}"
EndProject
Project("{FAE04EC0-301F-11D3-BF4B-00C04F79EFBC}") = "CFXRRuntime", "CFXRRuntime.csproj", "{1D09527C-8555-7030-CD03-79111E1161A5}"
EndProject
Project("{FAE04EC0-301F-11D3-BF4B-00C04F79EFBC}") = "Assembly-CSharp-firstpass", "Assembly-CSharp-firstpass.csproj", "{0ACDCD15-1B4E-6CEF-3B4E-A189D4170244}"
EndProject
Project("{FAE04EC0-301F-11D3-BF4B-00C04F79EFBC}") = "Unity.PlayerPrefsEditor.Samples.SampleScene", "Unity.PlayerPrefsEditor.Samples.SampleScene.csproj", "{F1605B78-FFFB-79BC-FD67-3572457BB07E}"
EndProject
Project("{FAE04EC0-301F-11D3-BF4B-00C04F79EFBC}") = "CFXR.WelcomeScreen", "CFXR.WelcomeScreen.csproj", "{98006819-E03B-44AE-7167-E6E61E7F3416}"
EndProject
Project("{FAE04EC0-301F-11D3-BF4B-00C04F79EFBC}") = "Unity.PlayerPrefsEditor.Editor", "Unity.PlayerPrefsEditor.Editor.csproj", "{505AAFE4-9C07-10BB-C921-CD7B24B88F1D}"
EndProject
Project("{FAE04EC0-301F-11D3-BF4B-00C04F79EFBC}") = "ToonyColorsPro.Demo.Editor", "ToonyColorsPro.Demo.Editor.csproj", "{91D45DBF-D638-7588-8063-3D5C4DBDA066}"
EndProject
Project("{FAE04EC0-301F-11D3-BF4B-00C04F79EFBC}") = "CFXREditor", "CFXREditor.csproj", "{C7D5E5A4-2C2E-5A99-472A-F6FB633355C2}"
EndProject
Project("{FAE04EC0-301F-11D3-BF4B-00C04F79EFBC}") = "Assembly-CSharp-Editor", "Assembly-CSharp-Editor.csproj", "{DEF8EB75-DDA5-154E-F415-4682237BC8DC}"
EndProject
Project("{FAE04EC0-301F-11D3-BF4B-00C04F79EFBC}") = "Unity.PlayerPrefsEditor.EditorResources", "Unity.PlayerPrefsEditor.EditorResources.csproj", "{45850562-FDDA-06F6-14E1-B684B0A877F7}"
EndProject
Global
	GlobalSection(SolutionConfigurationPlatforms) = preSolution
		Debug|Any CPU = Debug|Any CPU
		Release|Any CPU = Release|Any CPU
	EndGlobalSection
	GlobalSection(ProjectConfigurationPlatforms) = postSolution
		{262EB736-AB0B-8845-95B0-81E2B6C5AB6F}.Debug|Any CPU.ActiveCfg = Debug|Any CPU
		{262EB736-AB0B-8845-95B0-81E2B6C5AB6F}.Debug|Any CPU.Build.0 = Debug|Any CPU
		{262EB736-AB0B-8845-95B0-81E2B6C5AB6F}.Release|Any CPU.ActiveCfg = Release|Any CPU
		{262EB736-AB0B-8845-95B0-81E2B6C5AB6F}.Release|Any CPU.Build.0 = Release|Any CPU
		{215B0279-80C4-DEFC-4D8A-061466EC891F}.Debug|Any CPU.ActiveCfg = Debug|Any CPU
		{215B0279-80C4-DEFC-4D8A-061466EC891F}.Debug|Any CPU.Build.0 = Debug|Any CPU
		{215B0279-80C4-DEFC-4D8A-061466EC891F}.Release|Any CPU.ActiveCfg = Release|Any CPU
		{215B0279-80C4-DEFC-4D8A-061466EC891F}.Release|Any CPU.Build.0 = Release|Any CPU
		{23F34246-743F-5273-8C61-DA66FB312DB6}.Debug|Any CPU.ActiveCfg = Debug|Any CPU
		{23F34246-743F-5273-8C61-DA66FB312DB6}.Debug|Any CPU.Build.0 = Debug|Any CPU
		{23F34246-743F-5273-8C61-DA66FB312DB6}.Release|Any CPU.ActiveCfg = Release|Any CPU
		{23F34246-743F-5273-8C61-DA66FB312DB6}.Release|Any CPU.Build.0 = Release|Any CPU
		{1D09527C-8555-7030-CD03-79111E1161A5}.Debug|Any CPU.ActiveCfg = Debug|Any CPU
		{1D09527C-8555-7030-CD03-79111E1161A5}.Debug|Any CPU.Build.0 = Debug|Any CPU
		{1D09527C-8555-7030-CD03-79111E1161A5}.Release|Any CPU.ActiveCfg = Release|Any CPU
		{1D09527C-8555-7030-CD03-79111E1161A5}.Release|Any CPU.Build.0 = Release|Any CPU
		{0ACDCD15-1B4E-6CEF-3B4E-A189D4170244}.Debug|Any CPU.ActiveCfg = Debug|Any CPU
		{0ACDCD15-1B4E-6CEF-3B4E-A189D4170244}.Debug|Any CPU.Build.0 = Debug|Any CPU
		{0ACDCD15-1B4E-6CEF-3B4E-A189D4170244}.Release|Any CPU.ActiveCfg = Release|Any CPU
		{0ACDCD15-1B4E-6CEF-3B4E-A189D4170244}.Release|Any CPU.Build.0 = Release|Any CPU
		{F1605B78-FFFB-79BC-FD67-3572457BB07E}.Debug|Any CPU.ActiveCfg = Debug|Any CPU
		{F1605B78-FFFB-79BC-FD67-3572457BB07E}.Debug|Any CPU.Build.0 = Debug|Any CPU
		{F1605B78-FFFB-79BC-FD67-3572457BB07E}.Release|Any CPU.ActiveCfg = Release|Any CPU
		{F1605B78-FFFB-79BC-FD67-3572457BB07E}.Release|Any CPU.Build.0 = Release|Any CPU
		{98006819-E03B-44AE-7167-E6E61E7F3416}.Debug|Any CPU.ActiveCfg = Debug|Any CPU
		{98006819-E03B-44AE-7167-E6E61E7F3416}.Debug|Any CPU.Build.0 = Debug|Any CPU
		{98006819-E03B-44AE-7167-E6E61E7F3416}.Release|Any CPU.ActiveCfg = Release|Any CPU
		{98006819-E03B-44AE-7167-E6E61E7F3416}.Release|Any CPU.Build.0 = Release|Any CPU
		{505AAFE4-9C07-10BB-C921-CD7B24B88F1D}.Debug|Any CPU.ActiveCfg = Debug|Any CPU
		{505AAFE4-9C07-10BB-C921-CD7B24B88F1D}.Debug|Any CPU.Build.0 = Debug|Any CPU
		{505AAFE4-9C07-10BB-C921-CD7B24B88F1D}.Release|Any CPU.ActiveCfg = Release|Any CPU
		{505AAFE4-9C07-10BB-C921-CD7B24B88F1D}.Release|Any CPU.Build.0 = Release|Any CPU
		{91D45DBF-D638-7588-8063-3D5C4DBDA066}.Debug|Any CPU.ActiveCfg = Debug|Any CPU
		{91D45DBF-D638-7588-8063-3D5C4DBDA066}.Debug|Any CPU.Build.0 = Debug|Any CPU
		{91D45DBF-D638-7588-8063-3D5C4DBDA066}.Release|Any CPU.ActiveCfg = Release|Any CPU
		{91D45DBF-D638-7588-8063-3D5C4DBDA066}.Release|Any CPU.Build.0 = Release|Any CPU
		{C7D5E5A4-2C2E-5A99-472A-F6FB633355C2}.Debug|Any CPU.ActiveCfg = Debug|Any CPU
		{C7D5E5A4-2C2E-5A99-472A-F6FB633355C2}.Debug|Any CPU.Build.0 = Debug|Any CPU
		{C7D5E5A4-2C2E-5A99-472A-F6FB633355C2}.Release|Any CPU.ActiveCfg = Release|Any CPU
		{C7D5E5A4-2C2E-5A99-472A-F6FB633355C2}.Release|Any CPU.Build.0 = Release|Any CPU
		{DEF8EB75-DDA5-154E-F415-4682237BC8DC}.Debug|Any CPU.ActiveCfg = Debug|Any CPU
		{DEF8EB75-DDA5-154E-F415-4682237BC8DC}.Debug|Any CPU.Build.0 = Debug|Any CPU
		{DEF8EB75-DDA5-154E-F415-4682237BC8DC}.Release|Any CPU.ActiveCfg = Release|Any CPU
		{DEF8EB75-DDA5-154E-F415-4682237BC8DC}.Release|Any CPU.Build.0 = Release|Any CPU
		{45850562-FDDA-06F6-14E1-B684B0A877F7}.Debug|Any CPU.ActiveCfg = Debug|Any CPU
		{45850562-FDDA-06F6-14E1-B684B0A877F7}.Debug|Any CPU.Build.0 = Debug|Any CPU
		{45850562-FDDA-06F6-14E1-B684B0A877F7}.Release|Any CPU.ActiveCfg = Release|Any CPU
		{45850562-FDDA-06F6-14E1-B684B0A877F7}.Release|Any CPU.Build.0 = Release|Any CPU
	EndGlobalSection
	GlobalSection(SolutionProperties) = preSolution
		HideSolutionNode = FALSE
	EndGlobalSection
EndGlobal
